
Microsoft Visual Studio Solution File, Format Version 12.00
# Visual Studio Version 17
VisualStudioVersion = 17.2.32516.85
MinimumVisualStudioVersion = 10.0.40219.1
Project("{FAE04EC0-301F-11D3-BF4B-00C04F79EFBC}") = "ActiveMQTesting", "ActiveMQTesting\ActiveMQTesting.csproj", "{4556E67A-E100-49B2-9289-2FD4B95CF6D1}"
EndProject
Global
	GlobalSection(SolutionConfigurationPlatforms) = preSolution
		Debug|Any CPU = Debug|Any CPU
		Release|Any CPU = Release|Any CPU
	EndGlobalSection
	GlobalSection(ProjectConfigurationPlatforms) = postSolution
		{4556E67A-E100-49B2-9289-2FD4B95CF6D1}.Debug|Any CPU.ActiveCfg = Debug|Any CPU
		{4556E67A-E100-49B2-9289-2FD4B95CF6D1}.Debug|Any CPU.Build.0 = Debug|Any CPU
		{4556E67A-E100-49B2-9289-2FD4B95CF6D1}.Release|Any CPU.ActiveCfg = Release|Any CPU
		{4556E67A-E100-49B2-9289-2FD4B95CF6D1}.Release|Any CPU.Build.0 = Release|Any CPU
	EndGlobalSection
	GlobalSection(SolutionProperties) = preSolution
		HideSolutionNode = FALSE
	EndGlobalSection
	GlobalSection(ExtensibilityGlobals) = postSolution
		SolutionGuid = {A9A3DE47-0C75-46F3-B51F-5A7CEA412BC1}
	EndGlobalSection
EndGlobal
